
Microsoft Visual Studio Solution File, Format Version 12.00
# Visual Studio 15
VisualStudioVersion = 15.0.27130.2026
MinimumVisualStudioVersion = 10.0.40219.1
Project("{FAE04EC0-301F-11D3-BF4B-00C04F79EFBC}") = "ConsoleApp1", "ConsoleApp1\ConsoleApp1.csproj", "{46B85525-DC05-4B4F-B33D-FD83F6222DBA}"
EndProject
Global
	GlobalSection(SolutionConfigurationPlatforms) = preSolution
		Debug|Any CPU = Debug|Any CPU
		Release|Any CPU = Release|Any CPU
	EndGlobalSection
	GlobalSection(ProjectConfigurationPlatforms) = postSolution
		{46B85525-DC05-4B4F-B33D-FD83F6222DBA}.Debug|Any CPU.ActiveCfg = Debug|Any CPU
		{46B85525-DC05-4B4F-B33D-FD83F6222DBA}.Debug|Any CPU.Build.0 = Debug|Any CPU
		{46B85525-DC05-4B4F-B33D-FD83F6222DBA}.Release|Any CPU.ActiveCfg = Release|Any CPU
		{46B85525-DC05-4B4F-B33D-FD83F6222DBA}.Release|Any CPU.Build.0 = Release|Any CPU
	EndGlobalSection
	GlobalSection(SolutionProperties) = preSolution
		HideSolutionNode = FALSE
	EndGlobalSection
	GlobalSection(ExtensibilityGlobals) = postSolution
		SolutionGuid = {960BD047-266C-46D6-B8AA-E2ED203036B2}
	EndGlobalSection
EndGlobal
